// !$*UTF8*$!
{
	archiveVersion = 1;
	classes = {
	};
	objectVersion = 50;
	objects = {

/* Begin PBXBuildFile section */
		47DEBEBB2358F8C4004E2BCA /* ClockViewModel.swift in Sources */ = {isa = PBXBuildFile; fileRef = 47DEBEBA2358F8C4004E2BCA /* ClockViewModel.swift */; };
		47DEBEBD2358F902004E2BCA /* DateFormatter+TimeFormatter.swift in Sources */ = {isa = PBXBuildFile; fileRef = 47DEBEBC2358F902004E2BCA /* DateFormatter+TimeFormatter.swift */; };
		47DEBEBF2358F91E004E2BCA /* ClockView.swift in Sources */ = {isa = PBXBuildFile; fileRef = 47DEBEBE2358F91E004E2BCA /* ClockView.swift */; };
		47DEBEC12358F93C004E2BCA /* FlipViewModel.swift in Sources */ = {isa = PBXBuildFile; fileRef = 47DEBEC02358F93C004E2BCA /* FlipViewModel.swift */; };
		47DEBEC32358F96A004E2BCA /* SingleFlipView.swift in Sources */ = {isa = PBXBuildFile; fileRef = 47DEBEC22358F96A004E2BCA /* SingleFlipView.swift */; };
		47DEBEC52358F9B2004E2BCA /* Color+Colors.swift in Sources */ = {isa = PBXBuildFile; fileRef = 47DEBEC42358F9B2004E2BCA /* Color+Colors.swift */; };
		47DEBEC72358F9D5004E2BCA /* FlipView.swift in Sources */ = {isa = PBXBuildFile; fileRef = 47DEBEC62358F9D5004E2BCA /* FlipView.swift */; };
		47F96E432354F3480036311F /* AppDelegate.swift in Sources */ = {isa = PBXBuildFile; fileRef = 47F96E422354F3480036311F /* AppDelegate.swift */; };
		47F96E452354F3480036311F /* SceneDelegate.swift in Sources */ = {isa = PBXBuildFile; fileRef = 47F96E442354F3480036311F /* SceneDelegate.swift */; };
		47F96E472354F3480036311F /* CounterView.swift in Sources */ = {isa = PBXBuildFile; fileRef = 47F96E462354F3480036311F /* CounterView.swift */; };
		47F96E4C2354F3490036311F /* Preview Assets.xcassets in Resources */ = {isa = PBXBuildFile; fileRef = 47F96E4B2354F3490036311F /* Preview Assets.xcassets */; };
		47F96E4F2354F3490036311F /* LaunchScreen.storyboard in Resources */ = {isa = PBXBuildFile; fileRef = 47F96E4D2354F3490036311F /* LaunchScreen.storyboard */; };
		D51BBAEA284FFF2F000EDF0A /* Base.swift in Sources */ = {isa = PBXBuildFile; fileRef = D51BBAE9284FFF2F000EDF0A /* Base.swift */; };
		D590483D28F7AB6000E04AA2 /* TVApp.swift in Sources */ = {isa = PBXBuildFile; fileRef = D590483C28F7AB6000E04AA2 /* TVApp.swift */; };
		D590483F28F7AB6000E04AA2 /* ContentView.swift in Sources */ = {isa = PBXBuildFile; fileRef = D590483E28F7AB6000E04AA2 /* ContentView.swift */; };
		D590484128F7AB6200E04AA2 /* Assets.xcassets in Resources */ = {isa = PBXBuildFile; fileRef = D590484028F7AB6200E04AA2 /* Assets.xcassets */; };
		D590484428F7AB6200E04AA2 /* Preview Assets.xcassets in Resources */ = {isa = PBXBuildFile; fileRef = D590484328F7AB6200E04AA2 /* Preview Assets.xcassets */; };
		D590484828F7AC0E00E04AA2 /* CounterView.swift in Sources */ = {isa = PBXBuildFile; fileRef = 47F96E462354F3480036311F /* CounterView.swift */; };
		D590484928F7AC4200E04AA2 /* SettingsHeaderView.swift in Sources */ = {isa = PBXBuildFile; fileRef = D5C5BEF127DFB50E007FE21B /* SettingsHeaderView.swift */; };
		D590484A28F7AC4500E04AA2 /* SingleFlipView.swift in Sources */ = {isa = PBXBuildFile; fileRef = 47DEBEC22358F96A004E2BCA /* SingleFlipView.swift */; };
		D590484B28F7AC4800E04AA2 /* FlipViewModel.swift in Sources */ = {isa = PBXBuildFile; fileRef = 47DEBEC02358F93C004E2BCA /* FlipViewModel.swift */; };
		D590484C28F7AC4800E04AA2 /* Base.swift in Sources */ = {isa = PBXBuildFile; fileRef = D51BBAE9284FFF2F000EDF0A /* Base.swift */; };
		D590484D28F7AC4800E04AA2 /* ClockViewModel.swift in Sources */ = {isa = PBXBuildFile; fileRef = 47DEBEBA2358F8C4004E2BCA /* ClockViewModel.swift */; };
		D590484E28F7AC4800E04AA2 /* CounterViewModel.swift in Sources */ = {isa = PBXBuildFile; fileRef = D5C5BEEF27DFB501007FE21B /* CounterViewModel.swift */; };
		D590485028F7AC4C00E04AA2 /* DateFormatter+TimeFormatter.swift in Sources */ = {isa = PBXBuildFile; fileRef = 47DEBEBC2358F902004E2BCA /* DateFormatter+TimeFormatter.swift */; };
		D590485128F7AC4C00E04AA2 /* Extensions.swift in Sources */ = {isa = PBXBuildFile; fileRef = D5C5BEF627DFB5B9007FE21B /* Extensions.swift */; };
		D590485228F7AC4C00E04AA2 /* Color+Colors.swift in Sources */ = {isa = PBXBuildFile; fileRef = 47DEBEC42358F9B2004E2BCA /* Color+Colors.swift */; };
		D590485328F7AC4C00E04AA2 /* Animations.swift in Sources */ = {isa = PBXBuildFile; fileRef = D5C5BEF927DFB5E6007FE21B /* Animations.swift */; };
		D590485428F7AC4C00E04AA2 /* UIApp.swift in Sources */ = {isa = PBXBuildFile; fileRef = D5F0D7FF28D2ACD70046C110 /* UIApp.swift */; };
		D590485528F7B49100E04AA2 /* FlipView.swift in Sources */ = {isa = PBXBuildFile; fileRef = 47DEBEC62358F9D5004E2BCA /* FlipView.swift */; };
		D590485728F7B82B00E04AA2 /* SwiftUI+tvOS.swift in Sources */ = {isa = PBXBuildFile; fileRef = D590485628F7B82B00E04AA2 /* SwiftUI+tvOS.swift */; };
		D590485828F7C06600E04AA2 /* NewAsset.xcassets in Resources */ = {isa = PBXBuildFile; fileRef = D5F0D80128D2AD2D0046C110 /* NewAsset.xcassets */; };
		D5C5BEF027DFB504007FE21B /* CounterViewModel.swift in Sources */ = {isa = PBXBuildFile; fileRef = D5C5BEEF27DFB501007FE21B /* CounterViewModel.swift */; };
		D5C5BEF227DFB50E007FE21B /* SettingsHeaderView.swift in Sources */ = {isa = PBXBuildFile; fileRef = D5C5BEF127DFB50E007FE21B /* SettingsHeaderView.swift */; };
		D5C5BEF427DFB520007FE21B /* ContentView.swift in Sources */ = {isa = PBXBuildFile; fileRef = D5C5BEF327DFB520007FE21B /* ContentView.swift */; };
		D5C5BEF727DFB5B9007FE21B /* HapticOperation.swift in Sources */ = {isa = PBXBuildFile; fileRef = D5C5BEF527DFB5B9007FE21B /* HapticOperation.swift */; };
		D5C5BEF827DFB5B9007FE21B /* Extensions.swift in Sources */ = {isa = PBXBuildFile; fileRef = D5C5BEF627DFB5B9007FE21B /* Extensions.swift */; };
		D5C5BEFA27DFB5E6007FE21B /* Animations.swift in Sources */ = {isa = PBXBuildFile; fileRef = D5C5BEF927DFB5E6007FE21B /* Animations.swift */; };
		D5F0D80028D2ACD70046C110 /* UIApp.swift in Sources */ = {isa = PBXBuildFile; fileRef = D5F0D7FF28D2ACD70046C110 /* UIApp.swift */; };
		D5F0D80228D2AD2D0046C110 /* NewAsset.xcassets in Resources */ = {isa = PBXBuildFile; fileRef = D5F0D80128D2AD2D0046C110 /* NewAsset.xcassets */; };
		D5F0D80A28D2AED10046C110 /* WidgetKit.framework in Frameworks */ = {isa = PBXBuildFile; fileRef = D5F0D80928D2AED10046C110 /* WidgetKit.framework */; };
		D5F0D80C28D2AED10046C110 /* SwiftUI.framework in Frameworks */ = {isa = PBXBuildFile; fileRef = D5F0D80B28D2AED10046C110 /* SwiftUI.framework */; };
		D5F0D81128D2AED30046C110 /* Assets.xcassets in Resources */ = {isa = PBXBuildFile; fileRef = D5F0D81028D2AED30046C110 /* Assets.xcassets */; };
		D5F0D81528D2AED30046C110 /* CounterWidgetExtension.appex in Embed Foundation Extensions */ = {isa = PBXBuildFile; fileRef = D5F0D80728D2AED10046C110 /* CounterWidgetExtension.appex */; settings = {ATTRIBUTES = (RemoveHeadersOnCopy, ); }; };
		D5F0D81E28D2AF290046C110 /* CounterWidget.swift in Sources */ = {isa = PBXBuildFile; fileRef = D5F0D81A28D2AEE60046C110 /* CounterWidget.swift */; };
		D5F0D81F28D2AF290046C110 /* SimpleFlipView.swift in Sources */ = {isa = PBXBuildFile; fileRef = D5F0D81B28D2AEE60046C110 /* SimpleFlipView.swift */; };
		D5F0D82028D2AF3F0046C110 /* CounterViewModel.swift in Sources */ = {isa = PBXBuildFile; fileRef = D5C5BEEF27DFB501007FE21B /* CounterViewModel.swift */; };
		D5F0D82128D2AF420046C110 /* SingleFlipView.swift in Sources */ = {isa = PBXBuildFile; fileRef = 47DEBEC22358F96A004E2BCA /* SingleFlipView.swift */; };
		D5F0D82228D2AF480046C110 /* Color+Colors.swift in Sources */ = {isa = PBXBuildFile; fileRef = 47DEBEC42358F9B2004E2BCA /* Color+Colors.swift */; };
		D5F0D82328D2AF560046C110 /* Animations.swift in Sources */ = {isa = PBXBuildFile; fileRef = D5C5BEF927DFB5E6007FE21B /* Animations.swift */; };
		D5F0D82428D2AF5E0046C110 /* HapticOperation.swift in Sources */ = {isa = PBXBuildFile; fileRef = D5C5BEF527DFB5B9007FE21B /* HapticOperation.swift */; };
		D5F0D82528D2AF670046C110 /* FlipViewModel.swift in Sources */ = {isa = PBXBuildFile; fileRef = 47DEBEC02358F93C004E2BCA /* FlipViewModel.swift */; };
		D5F0D82628D2AF6D0046C110 /* Base.swift in Sources */ = {isa = PBXBuildFile; fileRef = D51BBAE9284FFF2F000EDF0A /* Base.swift */; };
		D5F0D82728D2AF770046C110 /* Extensions.swift in Sources */ = {isa = PBXBuildFile; fileRef = D5C5BEF627DFB5B9007FE21B /* Extensions.swift */; };
		D5F0D82828D2B3170046C110 /* NewAsset.xcassets in Resources */ = {isa = PBXBuildFile; fileRef = D5F0D80128D2AD2D0046C110 /* NewAsset.xcassets */; };
/* End PBXBuildFile section */

/* Begin PBXContainerItemProxy section */
		D5F0D81328D2AED30046C110 /* PBXContainerItemProxy */ = {
			isa = PBXContainerItemProxy;
			containerPortal = 47F96E372354F3480036311F /* Project object */;
			proxyType = 1;
			remoteGlobalIDString = D5F0D80628D2AED10046C110;
			remoteInfo = CounterWidgetExtension;
		};
/* End PBXContainerItemProxy section */

/* Begin PBXCopyFilesBuildPhase section */
		D5F0D81928D2AED30046C110 /* Embed Foundation Extensions */ = {
			isa = PBXCopyFilesBuildPhase;
			buildActionMask = 2147483647;
			dstPath = "";
			dstSubfolderSpec = 13;
			files = (
				D5F0D81528D2AED30046C110 /* CounterWidgetExtension.appex in Embed Foundation Extensions */,
			);
			name = "Embed Foundation Extensions";
			runOnlyForDeploymentPostprocessing = 0;
		};
/* End PBXCopyFilesBuildPhase section */

/* Begin PBXFileReference section */
		47DEBEBA2358F8C4004E2BCA /* ClockViewModel.swift */ = {isa = PBXFileReference; lastKnownFileType = sourcecode.swift; path = ClockViewModel.swift; sourceTree = "<group>"; };
		47DEBEBC2358F902004E2BCA /* DateFormatter+TimeFormatter.swift */ = {isa = PBXFileReference; lastKnownFileType = sourcecode.swift; path = "DateFormatter+TimeFormatter.swift"; sourceTree = "<group>"; };
		47DEBEBE2358F91E004E2BCA /* ClockView.swift */ = {isa = PBXFileReference; lastKnownFileType = sourcecode.swift; path = ClockView.swift; sourceTree = "<group>"; };
		47DEBEC02358F93C004E2BCA /* FlipViewModel.swift */ = {isa = PBXFileReference; lastKnownFileType = sourcecode.swift; path = FlipViewModel.swift; sourceTree = "<group>"; };
		47DEBEC22358F96A004E2BCA /* SingleFlipView.swift */ = {isa = PBXFileReference; lastKnownFileType = sourcecode.swift; path = SingleFlipView.swift; sourceTree = "<group>"; };
		47DEBEC42358F9B2004E2BCA /* Color+Colors.swift */ = {isa = PBXFileReference; lastKnownFileType = sourcecode.swift; path = "Color+Colors.swift"; sourceTree = "<group>"; };
		47DEBEC62358F9D5004E2BCA /* FlipView.swift */ = {isa = PBXFileReference; lastKnownFileType = sourcecode.swift; path = FlipView.swift; sourceTree = "<group>"; };
		47F96E3F2354F3480036311F /* counter.app */ = {isa = PBXFileReference; explicitFileType = wrapper.application; includeInIndex = 0; path = counter.app; sourceTree = BUILT_PRODUCTS_DIR; };
		47F96E422354F3480036311F /* AppDelegate.swift */ = {isa = PBXFileReference; lastKnownFileType = sourcecode.swift; path = AppDelegate.swift; sourceTree = "<group>"; };
		47F96E442354F3480036311F /* SceneDelegate.swift */ = {isa = PBXFileReference; lastKnownFileType = sourcecode.swift; path = SceneDelegate.swift; sourceTree = "<group>"; };
		47F96E462354F3480036311F /* CounterView.swift */ = {isa = PBXFileReference; lastKnownFileType = sourcecode.swift; path = CounterView.swift; sourceTree = "<group>"; };
		47F96E4B2354F3490036311F /* Preview Assets.xcassets */ = {isa = PBXFileReference; lastKnownFileType = folder.assetcatalog; path = "Preview Assets.xcassets"; sourceTree = "<group>"; };
		47F96E4E2354F3490036311F /* Base */ = {isa = PBXFileReference; lastKnownFileType = file.storyboard; name = Base; path = Base.lproj/LaunchScreen.storyboard; sourceTree = "<group>"; };
		47F96E502354F3490036311F /* Info.plist */ = {isa = PBXFileReference; lastKnownFileType = text.plist.xml; path = Info.plist; sourceTree = "<group>"; };
		D51BBAE9284FFF2F000EDF0A /* Base.swift */ = {isa = PBXFileReference; lastKnownFileType = sourcecode.swift; path = Base.swift; sourceTree = "<group>"; };
		D590483A28F7AB6000E04AA2 /* TV.app */ = {isa = PBXFileReference; explicitFileType = wrapper.application; includeInIndex = 0; path = TV.app; sourceTree = BUILT_PRODUCTS_DIR; };
		D590483C28F7AB6000E04AA2 /* TVApp.swift */ = {isa = PBXFileReference; lastKnownFileType = sourcecode.swift; path = TVApp.swift; sourceTree = "<group>"; };
		D590483E28F7AB6000E04AA2 /* ContentView.swift */ = {isa = PBXFileReference; lastKnownFileType = sourcecode.swift; path = ContentView.swift; sourceTree = "<group>"; };
		D590484028F7AB6200E04AA2 /* Assets.xcassets */ = {isa = PBXFileReference; lastKnownFileType = folder.assetcatalog; path = Assets.xcassets; sourceTree = "<group>"; };
		D590484328F7AB6200E04AA2 /* Preview Assets.xcassets */ = {isa = PBXFileReference; lastKnownFileType = folder.assetcatalog; path = "Preview Assets.xcassets"; sourceTree = "<group>"; };
		D590485628F7B82B00E04AA2 /* SwiftUI+tvOS.swift */ = {isa = PBXFileReference; lastKnownFileType = sourcecode.swift; path = "SwiftUI+tvOS.swift"; sourceTree = "<group>"; };
		D5C5BEEF27DFB501007FE21B /* CounterViewModel.swift */ = {isa = PBXFileReference; fileEncoding = 4; lastKnownFileType = sourcecode.swift; path = CounterViewModel.swift; sourceTree = "<group>"; };
		D5C5BEF127DFB50E007FE21B /* SettingsHeaderView.swift */ = {isa = PBXFileReference; fileEncoding = 4; lastKnownFileType = sourcecode.swift; path = SettingsHeaderView.swift; sourceTree = "<group>"; };
		D5C5BEF327DFB520007FE21B /* ContentView.swift */ = {isa = PBXFileReference; lastKnownFileType = sourcecode.swift; path = ContentView.swift; sourceTree = "<group>"; };
		D5C5BEF527DFB5B9007FE21B /* HapticOperation.swift */ = {isa = PBXFileReference; fileEncoding = 4; lastKnownFileType = sourcecode.swift; path = HapticOperation.swift; sourceTree = "<group>"; };
		D5C5BEF627DFB5B9007FE21B /* Extensions.swift */ = {isa = PBXFileReference; fileEncoding = 4; lastKnownFileType = sourcecode.swift; path = Extensions.swift; sourceTree = "<group>"; };
		D5C5BEF927DFB5E6007FE21B /* Animations.swift */ = {isa = PBXFileReference; lastKnownFileType = sourcecode.swift; path = Animations.swift; sourceTree = "<group>"; };
		D5F0D7FF28D2ACD70046C110 /* UIApp.swift */ = {isa = PBXFileReference; fileEncoding = 4; lastKnownFileType = sourcecode.swift; path = UIApp.swift; sourceTree = "<group>"; };
		D5F0D80128D2AD2D0046C110 /* NewAsset.xcassets */ = {isa = PBXFileReference; lastKnownFileType = folder.assetcatalog; path = NewAsset.xcassets; sourceTree = "<group>"; };
		D5F0D80728D2AED10046C110 /* CounterWidgetExtension.appex */ = {isa = PBXFileReference; explicitFileType = "wrapper.app-extension"; includeInIndex = 0; path = CounterWidgetExtension.appex; sourceTree = BUILT_PRODUCTS_DIR; };
		D5F0D80928D2AED10046C110 /* WidgetKit.framework */ = {isa = PBXFileReference; lastKnownFileType = wrapper.framework; name = WidgetKit.framework; path = System/Library/Frameworks/WidgetKit.framework; sourceTree = SDKROOT; };
		D5F0D80B28D2AED10046C110 /* SwiftUI.framework */ = {isa = PBXFileReference; lastKnownFileType = wrapper.framework; name = SwiftUI.framework; path = System/Library/Frameworks/SwiftUI.framework; sourceTree = SDKROOT; };
		D5F0D81028D2AED30046C110 /* Assets.xcassets */ = {isa = PBXFileReference; lastKnownFileType = folder.assetcatalog; path = Assets.xcassets; sourceTree = "<group>"; };
		D5F0D81228D2AED30046C110 /* Info.plist */ = {isa = PBXFileReference; lastKnownFileType = text.plist.xml; path = Info.plist; sourceTree = "<group>"; };
		D5F0D81A28D2AEE60046C110 /* CounterWidget.swift */ = {isa = PBXFileReference; fileEncoding = 4; lastKnownFileType = sourcecode.swift; name = CounterWidget.swift; path = FCWidget/CounterWidget.swift; sourceTree = SOURCE_ROOT; };
		D5F0D81B28D2AEE60046C110 /* SimpleFlipView.swift */ = {isa = PBXFileReference; fileEncoding = 4; lastKnownFileType = sourcecode.swift; name = SimpleFlipView.swift; path = FCWidget/SimpleFlipView.swift; sourceTree = SOURCE_ROOT; };
		D5F0D82928D2F36E0046C110 /* CounterWidgetExtension.entitlements */ = {isa = PBXFileReference; lastKnownFileType = text.plist.entitlements; path = CounterWidgetExtension.entitlements; sourceTree = "<group>"; };
		D5F0D82A28D2F6610046C110 /* lil counter.entitlements */ = {isa = PBXFileReference; lastKnownFileType = text.plist.entitlements; path = "lil counter.entitlements"; sourceTree = "<group>"; };
/* End PBXFileReference section */

/* Begin PBXFrameworksBuildPhase section */
		47F96E3C2354F3480036311F /* Frameworks */ = {
			isa = PBXFrameworksBuildPhase;
			buildActionMask = 2147483647;
			files = (
			);
			runOnlyForDeploymentPostprocessing = 0;
		};
		D590483728F7AB6000E04AA2 /* Frameworks */ = {
			isa = PBXFrameworksBuildPhase;
			buildActionMask = 2147483647;
			files = (
			);
			runOnlyForDeploymentPostprocessing = 0;
		};
		D5F0D80428D2AED10046C110 /* Frameworks */ = {
			isa = PBXFrameworksBuildPhase;
			buildActionMask = 2147483647;
			files = (
				D5F0D80C28D2AED10046C110 /* SwiftUI.framework in Frameworks */,
				D5F0D80A28D2AED10046C110 /* WidgetKit.framework in Frameworks */,
			);
			runOnlyForDeploymentPostprocessing = 0;
		};
/* End PBXFrameworksBuildPhase section */

/* Begin PBXGroup section */
		47DEBEC82358FA1A004E2BCA /* Application */ = {
			isa = PBXGroup;
			children = (
				47F96E422354F3480036311F /* AppDelegate.swift */,
				47F96E442354F3480036311F /* SceneDelegate.swift */,
			);
			path = Application;
			sourceTree = "<group>";
		};
		47DEBEC92358FA3C004E2BCA /* SupportingFiles */ = {
			isa = PBXGroup;
			children = (
				D5F0D80128D2AD2D0046C110 /* NewAsset.xcassets */,
				47F96E502354F3490036311F /* Info.plist */,
				47F96E4D2354F3490036311F /* LaunchScreen.storyboard */,
			);
			path = SupportingFiles;
			sourceTree = "<group>";
		};
		47DEBECA2358FA4F004E2BCA /* Views */ = {
			isa = PBXGroup;
			children = (
				47DEBEBE2358F91E004E2BCA /* ClockView.swift */,
				47F96E462354F3480036311F /* CounterView.swift */,
				D5C5BEF327DFB520007FE21B /* ContentView.swift */,
				47DEBEC62358F9D5004E2BCA /* FlipView.swift */,
				D5C5BEF127DFB50E007FE21B /* SettingsHeaderView.swift */,
				47DEBEC22358F96A004E2BCA /* SingleFlipView.swift */,
			);
			path = Views;
			sourceTree = "<group>";
		};
		47DEBECB2358FA55004E2BCA /* ViewModels */ = {
			isa = PBXGroup;
			children = (
				47DEBEC02358F93C004E2BCA /* FlipViewModel.swift */,
				47DEBEBA2358F8C4004E2BCA /* ClockViewModel.swift */,
				D5C5BEEF27DFB501007FE21B /* CounterViewModel.swift */,
				D51BBAE9284FFF2F000EDF0A /* Base.swift */,
			);
			path = ViewModels;
			sourceTree = "<group>";
		};
		47DEBECC2358FA5A004E2BCA /* Extensions */ = {
			isa = PBXGroup;
			children = (
				47DEBEC42358F9B2004E2BCA /* Color+Colors.swift */,
				D5C5BEF627DFB5B9007FE21B /* Extensions.swift */,
				D5C5BEF927DFB5E6007FE21B /* Animations.swift */,
				D5F0D7FF28D2ACD70046C110 /* UIApp.swift */,
				D5C5BEF527DFB5B9007FE21B /* HapticOperation.swift */,
				47DEBEBC2358F902004E2BCA /* DateFormatter+TimeFormatter.swift */,
			);
			path = Extensions;
			sourceTree = "<group>";
		};
		47F96E362354F3480036311F = {
			isa = PBXGroup;
			children = (
				D5F0D82A28D2F6610046C110 /* lil counter.entitlements */,
				D5F0D82928D2F36E0046C110 /* CounterWidgetExtension.entitlements */,
				47F96E412354F3480036311F /* FlipClock */,
				D5F0D80D28D2AED10046C110 /* CounterWidget */,
				D590483B28F7AB6000E04AA2 /* TV */,
				D5F0D80828D2AED10046C110 /* Frameworks */,
				47F96E402354F3480036311F /* Products */,
			);
			sourceTree = "<group>";
		};
		47F96E402354F3480036311F /* Products */ = {
			isa = PBXGroup;
			children = (
				47F96E3F2354F3480036311F /* counter.app */,
				D5F0D80728D2AED10046C110 /* CounterWidgetExtension.appex */,
				D590483A28F7AB6000E04AA2 /* TV.app */,
			);
			name = Products;
			sourceTree = "<group>";
		};
		47F96E412354F3480036311F /* FlipClock */ = {
			isa = PBXGroup;
			children = (
				47DEBEC82358FA1A004E2BCA /* Application */,
				47DEBECA2358FA4F004E2BCA /* Views */,
				47DEBECB2358FA55004E2BCA /* ViewModels */,
				47DEBECC2358FA5A004E2BCA /* Extensions */,
				47F96E4A2354F3490036311F /* Preview Content */,
				47DEBEC92358FA3C004E2BCA /* SupportingFiles */,
			);
			path = FlipClock;
			sourceTree = "<group>";
		};
		47F96E4A2354F3490036311F /* Preview Content */ = {
			isa = PBXGroup;
			children = (
				47F96E4B2354F3490036311F /* Preview Assets.xcassets */,
			);
			path = "Preview Content";
			sourceTree = "<group>";
		};
		D590483B28F7AB6000E04AA2 /* TV */ = {
			isa = PBXGroup;
			children = (
				D590483C28F7AB6000E04AA2 /* TVApp.swift */,
				D590485628F7B82B00E04AA2 /* SwiftUI+tvOS.swift */,
				D590483E28F7AB6000E04AA2 /* ContentView.swift */,
				D590484028F7AB6200E04AA2 /* Assets.xcassets */,
				D590484228F7AB6200E04AA2 /* Preview Content */,
			);
			path = TV;
			sourceTree = "<group>";
		};
		D590484228F7AB6200E04AA2 /* Preview Content */ = {
			isa = PBXGroup;
			children = (
				D590484328F7AB6200E04AA2 /* Preview Assets.xcassets */,
			);
			path = "Preview Content";
			sourceTree = "<group>";
		};
		D5F0D80828D2AED10046C110 /* Frameworks */ = {
			isa = PBXGroup;
			children = (
				D5F0D80928D2AED10046C110 /* WidgetKit.framework */,
				D5F0D80B28D2AED10046C110 /* SwiftUI.framework */,
			);
			name = Frameworks;
			sourceTree = "<group>";
		};
		D5F0D80D28D2AED10046C110 /* CounterWidget */ = {
			isa = PBXGroup;
			children = (
				D5F0D81A28D2AEE60046C110 /* CounterWidget.swift */,
				D5F0D81B28D2AEE60046C110 /* SimpleFlipView.swift */,
				D5F0D81028D2AED30046C110 /* Assets.xcassets */,
				D5F0D81228D2AED30046C110 /* Info.plist */,
			);
			path = CounterWidget;
			sourceTree = "<group>";
		};
/* End PBXGroup section */

/* Begin PBXNativeTarget section */
		47F96E3E2354F3480036311F /* counter */ = {
			isa = PBXNativeTarget;
			buildConfigurationList = 47F96E532354F3490036311F /* Build configuration list for PBXNativeTarget "counter" */;
			buildPhases = (
				47F96E3B2354F3480036311F /* Sources */,
				47F96E3C2354F3480036311F /* Frameworks */,
				47F96E3D2354F3480036311F /* Resources */,
				D5F0D81928D2AED30046C110 /* Embed Foundation Extensions */,
			);
			buildRules = (
			);
			dependencies = (
				D5F0D81428D2AED30046C110 /* PBXTargetDependency */,
			);
			name = counter;
			productName = FlipCountdown;
			productReference = 47F96E3F2354F3480036311F /* counter.app */;
			productType = "com.apple.product-type.application";
		};
		D590483928F7AB6000E04AA2 /* TV */ = {
			isa = PBXNativeTarget;
			buildConfigurationList = D590484728F7AB6200E04AA2 /* Build configuration list for PBXNativeTarget "TV" */;
			buildPhases = (
				D590483628F7AB6000E04AA2 /* Sources */,
				D590483728F7AB6000E04AA2 /* Frameworks */,
				D590483828F7AB6000E04AA2 /* Resources */,
			);
			buildRules = (
			);
			dependencies = (
			);
			name = TV;
			productName = "-";
			productReference = D590483A28F7AB6000E04AA2 /* TV.app */;
			productType = "com.apple.product-type.application";
		};
		D5F0D80628D2AED10046C110 /* CounterWidgetExtension */ = {
			isa = PBXNativeTarget;
			buildConfigurationList = D5F0D81628D2AED30046C110 /* Build configuration list for PBXNativeTarget "CounterWidgetExtension" */;
			buildPhases = (
				D5F0D80328D2AED10046C110 /* Sources */,
				D5F0D80428D2AED10046C110 /* Frameworks */,
				D5F0D80528D2AED10046C110 /* Resources */,
			);
			buildRules = (
			);
			dependencies = (
			);
			name = CounterWidgetExtension;
			productName = CounterWidgetExtension;
			productReference = D5F0D80728D2AED10046C110 /* CounterWidgetExtension.appex */;
			productType = "com.apple.product-type.app-extension";
		};
/* End PBXNativeTarget section */

/* Begin PBXProject section */
		47F96E372354F3480036311F /* Project object */ = {
			isa = PBXProject;
			attributes = {
				LastSwiftUpdateCheck = 1400;
				LastUpgradeCheck = 1100;
				ORGANIZATIONNAME = "Maciej Gomółka";
				TargetAttributes = {
					47F96E3E2354F3480036311F = {
						CreatedOnToolsVersion = 11.0;
					};
					D590483928F7AB6000E04AA2 = {
						CreatedOnToolsVersion = 14.0.1;
					};
					D5F0D80628D2AED10046C110 = {
						CreatedOnToolsVersion = 14.0;
					};
				};
			};
			buildConfigurationList = 47F96E3A2354F3480036311F /* Build configuration list for PBXProject "counter" */;
			compatibilityVersion = "Xcode 9.3";
			developmentRegion = en;
			hasScannedForEncodings = 0;
			knownRegions = (
				en,
				Base,
			);
			mainGroup = 47F96E362354F3480036311F;
			productRefGroup = 47F96E402354F3480036311F /* Products */;
			projectDirPath = "";
			projectRoot = "";
			targets = (
				47F96E3E2354F3480036311F /* counter */,
				D5F0D80628D2AED10046C110 /* CounterWidgetExtension */,
				D590483928F7AB6000E04AA2 /* TV */,
			);
		};
/* End PBXProject section */

/* Begin PBXResourcesBuildPhase section */
		47F96E3D2354F3480036311F /* Resources */ = {
			isa = PBXResourcesBuildPhase;
			buildActionMask = 2147483647;
			files = (
				47F96E4F2354F3490036311F /* LaunchScreen.storyboard in Resources */,
				47F96E4C2354F3490036311F /* Preview Assets.xcassets in Resources */,
				D5F0D80228D2AD2D0046C110 /* NewAsset.xcassets in Resources */,
			);
			runOnlyForDeploymentPostprocessing = 0;
		};
		D590483828F7AB6000E04AA2 /* Resources */ = {
			isa = PBXResourcesBuildPhase;
			buildActionMask = 2147483647;
			files = (
				D590484428F7AB6200E04AA2 /* Preview Assets.xcassets in Resources */,
				D590485828F7C06600E04AA2 /* NewAsset.xcassets in Resources */,
				D590484128F7AB6200E04AA2 /* Assets.xcassets in Resources */,
			);
			runOnlyForDeploymentPostprocessing = 0;
		};
		D5F0D80528D2AED10046C110 /* Resources */ = {
			isa = PBXResourcesBuildPhase;
			buildActionMask = 2147483647;
			files = (
				D5F0D81128D2AED30046C110 /* Assets.xcassets in Resources */,
				D5F0D82828D2B3170046C110 /* NewAsset.xcassets in Resources */,
			);
			runOnlyForDeploymentPostprocessing = 0;
		};
/* End PBXResourcesBuildPhase section */

/* Begin PBXSourcesBuildPhase section */
		47F96E3B2354F3480036311F /* Sources */ = {
			isa = PBXSourcesBuildPhase;
			buildActionMask = 2147483647;
			files = (
				D5C5BEF227DFB50E007FE21B /* SettingsHeaderView.swift in Sources */,
				47F96E432354F3480036311F /* AppDelegate.swift in Sources */,
				47DEBEBF2358F91E004E2BCA /* ClockView.swift in Sources */,
				D5F0D80028D2ACD70046C110 /* UIApp.swift in Sources */,
				D5C5BEF027DFB504007FE21B /* CounterViewModel.swift in Sources */,
				47F96E452354F3480036311F /* SceneDelegate.swift in Sources */,
				47DEBEC52358F9B2004E2BCA /* Color+Colors.swift in Sources */,
				47F96E472354F3480036311F /* CounterView.swift in Sources */,
				47DEBEC72358F9D5004E2BCA /* FlipView.swift in Sources */,
				D51BBAEA284FFF2F000EDF0A /* Base.swift in Sources */,
				D5C5BEF427DFB520007FE21B /* ContentView.swift in Sources */,
				47DEBEC12358F93C004E2BCA /* FlipViewModel.swift in Sources */,
				D5C5BEF827DFB5B9007FE21B /* Extensions.swift in Sources */,
				47DEBEBB2358F8C4004E2BCA /* ClockViewModel.swift in Sources */,
				47DEBEBD2358F902004E2BCA /* DateFormatter+TimeFormatter.swift in Sources */,
				D5C5BEF727DFB5B9007FE21B /* HapticOperation.swift in Sources */,
				D5C5BEFA27DFB5E6007FE21B /* Animations.swift in Sources */,
				47DEBEC32358F96A004E2BCA /* SingleFlipView.swift in Sources */,
			);
			runOnlyForDeploymentPostprocessing = 0;
		};
		D590483628F7AB6000E04AA2 /* Sources */ = {
			isa = PBXSourcesBuildPhase;
			buildActionMask = 2147483647;
			files = (
				D590484928F7AC4200E04AA2 /* SettingsHeaderView.swift in Sources */,
				D590484B28F7AC4800E04AA2 /* FlipViewModel.swift in Sources */,
				D590485228F7AC4C00E04AA2 /* Color+Colors.swift in Sources */,
				D590484E28F7AC4800E04AA2 /* CounterViewModel.swift in Sources */,
				D590484A28F7AC4500E04AA2 /* SingleFlipView.swift in Sources */,
				D590485328F7AC4C00E04AA2 /* Animations.swift in Sources */,
				D590485028F7AC4C00E04AA2 /* DateFormatter+TimeFormatter.swift in Sources */,
				D590483F28F7AB6000E04AA2 /* ContentView.swift in Sources */,
				D590485128F7AC4C00E04AA2 /* Extensions.swift in Sources */,
				D590483D28F7AB6000E04AA2 /* TVApp.swift in Sources */,
				D590485528F7B49100E04AA2 /* FlipView.swift in Sources */,
				D590484C28F7AC4800E04AA2 /* Base.swift in Sources */,
				D590485428F7AC4C00E04AA2 /* UIApp.swift in Sources */,
				D590484828F7AC0E00E04AA2 /* CounterView.swift in Sources */,
				D590484D28F7AC4800E04AA2 /* ClockViewModel.swift in Sources */,
				D590485728F7B82B00E04AA2 /* SwiftUI+tvOS.swift in Sources */,
			);
			runOnlyForDeploymentPostprocessing = 0;
		};
		D5F0D80328D2AED10046C110 /* Sources */ = {
			isa = PBXSourcesBuildPhase;
			buildActionMask = 2147483647;
			files = (
				D5F0D81E28D2AF290046C110 /* CounterWidget.swift in Sources */,
				D5F0D81F28D2AF290046C110 /* SimpleFlipView.swift in Sources */,
				D5F0D82328D2AF560046C110 /* Animations.swift in Sources */,
				D5F0D82028D2AF3F0046C110 /* CounterViewModel.swift in Sources */,
				D5F0D82228D2AF480046C110 /* Color+Colors.swift in Sources */,
				D5F0D82728D2AF770046C110 /* Extensions.swift in Sources */,
				D5F0D82528D2AF670046C110 /* FlipViewModel.swift in Sources */,
				D5F0D82628D2AF6D0046C110 /* Base.swift in Sources */,
				D5F0D82428D2AF5E0046C110 /* HapticOperation.swift in Sources */,
				D5F0D82128D2AF420046C110 /* SingleFlipView.swift in Sources */,
			);
			runOnlyForDeploymentPostprocessing = 0;
		};
/* End PBXSourcesBuildPhase section */

/* Begin PBXTargetDependency section */
		D5F0D81428D2AED30046C110 /* PBXTargetDependency */ = {
			isa = PBXTargetDependency;
			target = D5F0D80628D2AED10046C110 /* CounterWidgetExtension */;
			targetProxy = D5F0D81328D2AED30046C110 /* PBXContainerItemProxy */;
		};
/* End PBXTargetDependency section */

/* Begin PBXVariantGroup section */
		47F96E4D2354F3490036311F /* LaunchScreen.storyboard */ = {
			isa = PBXVariantGroup;
			children = (
				47F96E4E2354F3490036311F /* Base */,
			);
			name = LaunchScreen.storyboard;
			path = .;
			sourceTree = "<group>";
		};
/* End PBXVariantGroup section */

/* Begin XCBuildConfiguration section */
		47F96E512354F3490036311F /* Debug */ = {
			isa = XCBuildConfiguration;
			buildSettings = {
				ALWAYS_SEARCH_USER_PATHS = NO;
				CLANG_ANALYZER_NONNULL = YES;
				CLANG_ANALYZER_NUMBER_OBJECT_CONVERSION = YES_AGGRESSIVE;
				CLANG_CXX_LANGUAGE_STANDARD = "gnu++14";
				CLANG_CXX_LIBRARY = "libc++";
				CLANG_ENABLE_MODULES = YES;
				CLANG_ENABLE_OBJC_ARC = YES;
				CLANG_ENABLE_OBJC_WEAK = YES;
				CLANG_WARN_BLOCK_CAPTURE_AUTORELEASING = YES;
				CLANG_WARN_BOOL_CONVERSION = YES;
				CLANG_WARN_COMMA = YES;
				CLANG_WARN_CONSTANT_CONVERSION = YES;
				CLANG_WARN_DEPRECATED_OBJC_IMPLEMENTATIONS = YES;
				CLANG_WARN_DIRECT_OBJC_ISA_USAGE = YES_ERROR;
				CLANG_WARN_DOCUMENTATION_COMMENTS = YES;
				CLANG_WARN_EMPTY_BODY = YES;
				CLANG_WARN_ENUM_CONVERSION = YES;
				CLANG_WARN_INFINITE_RECURSION = YES;
				CLANG_WARN_INT_CONVERSION = YES;
				CLANG_WARN_NON_LITERAL_NULL_CONVERSION = YES;
				CLANG_WARN_OBJC_IMPLICIT_RETAIN_SELF = YES;
				CLANG_WARN_OBJC_LITERAL_CONVERSION = YES;
				CLANG_WARN_OBJC_ROOT_CLASS = YES_ERROR;
				CLANG_WARN_RANGE_LOOP_ANALYSIS = YES;
				CLANG_WARN_STRICT_PROTOTYPES = YES;
				CLANG_WARN_SUSPICIOUS_MOVE = YES;
				CLANG_WARN_UNGUARDED_AVAILABILITY = YES_AGGRESSIVE;
				CLANG_WARN_UNREACHABLE_CODE = YES;
				CLANG_WARN__DUPLICATE_METHOD_MATCH = YES;
				COPY_PHASE_STRIP = NO;
				CURRENT_PROJECT_VERSION = 3;
				DEBUG_INFORMATION_FORMAT = dwarf;
				ENABLE_STRICT_OBJC_MSGSEND = YES;
				ENABLE_TESTABILITY = YES;
				GCC_C_LANGUAGE_STANDARD = gnu11;
				GCC_DYNAMIC_NO_PIC = NO;
				GCC_NO_COMMON_BLOCKS = YES;
				GCC_OPTIMIZATION_LEVEL = 0;
				GCC_PREPROCESSOR_DEFINITIONS = (
					"DEBUG=1",
					"$(inherited)",
				);
				GCC_WARN_64_TO_32_BIT_CONVERSION = YES;
				GCC_WARN_ABOUT_RETURN_TYPE = YES_ERROR;
				GCC_WARN_UNDECLARED_SELECTOR = YES;
				GCC_WARN_UNINITIALIZED_AUTOS = YES_AGGRESSIVE;
				GCC_WARN_UNUSED_FUNCTION = YES;
				GCC_WARN_UNUSED_VARIABLE = YES;
				IPHONEOS_DEPLOYMENT_TARGET = 13.0;
				MARKETING_VERSION = 2.0;
				MTL_ENABLE_DEBUG_INFO = INCLUDE_SOURCE;
				MTL_FAST_MATH = YES;
				ONLY_ACTIVE_ARCH = YES;
				SDKROOT = iphoneos;
				SWIFT_ACTIVE_COMPILATION_CONDITIONS = DEBUG;
				SWIFT_OPTIMIZATION_LEVEL = "-Onone";
			};
			name = Debug;
		};
		47F96E522354F3490036311F /* Release */ = {
			isa = XCBuildConfiguration;
			buildSettings = {
				ALWAYS_SEARCH_USER_PATHS = NO;
				CLANG_ANALYZER_NONNULL = YES;
				CLANG_ANALYZER_NUMBER_OBJECT_CONVERSION = YES_AGGRESSIVE;
				CLANG_CXX_LANGUAGE_STANDARD = "gnu++14";
				CLANG_CXX_LIBRARY = "libc++";
				CLANG_ENABLE_MODULES = YES;
				CLANG_ENABLE_OBJC_ARC = YES;
				CLANG_ENABLE_OBJC_WEAK = YES;
				CLANG_WARN_BLOCK_CAPTURE_AUTORELEASING = YES;
				CLANG_WARN_BOOL_CONVERSION = YES;
				CLANG_WARN_COMMA = YES;
				CLANG_WARN_CONSTANT_CONVERSION = YES;
				CLANG_WARN_DEPRECATED_OBJC_IMPLEMENTATIONS = YES;
				CLANG_WARN_DIRECT_OBJC_ISA_USAGE = YES_ERROR;
				CLANG_WARN_DOCUMENTATION_COMMENTS = YES;
				CLANG_WARN_EMPTY_BODY = YES;
				CLANG_WARN_ENUM_CONVERSION = YES;
				CLANG_WARN_INFINITE_RECURSION = YES;
				CLANG_WARN_INT_CONVERSION = YES;
				CLANG_WARN_NON_LITERAL_NULL_CONVERSION = YES;
				CLANG_WARN_OBJC_IMPLICIT_RETAIN_SELF = YES;
				CLANG_WARN_OBJC_LITERAL_CONVERSION = YES;
				CLANG_WARN_OBJC_ROOT_CLASS = YES_ERROR;
				CLANG_WARN_RANGE_LOOP_ANALYSIS = YES;
				CLANG_WARN_STRICT_PROTOTYPES = YES;
				CLANG_WARN_SUSPICIOUS_MOVE = YES;
				CLANG_WARN_UNGUARDED_AVAILABILITY = YES_AGGRESSIVE;
				CLANG_WARN_UNREACHABLE_CODE = YES;
				CLANG_WARN__DUPLICATE_METHOD_MATCH = YES;
				COPY_PHASE_STRIP = NO;
				CURRENT_PROJECT_VERSION = 3;
				DEBUG_INFORMATION_FORMAT = "dwarf-with-dsym";
				ENABLE_NS_ASSERTIONS = NO;
				ENABLE_STRICT_OBJC_MSGSEND = YES;
				GCC_C_LANGUAGE_STANDARD = gnu11;
				GCC_NO_COMMON_BLOCKS = YES;
				GCC_WARN_64_TO_32_BIT_CONVERSION = YES;
				GCC_WARN_ABOUT_RETURN_TYPE = YES_ERROR;
				GCC_WARN_UNDECLARED_SELECTOR = YES;
				GCC_WARN_UNINITIALIZED_AUTOS = YES_AGGRESSIVE;
				GCC_WARN_UNUSED_FUNCTION = YES;
				GCC_WARN_UNUSED_VARIABLE = YES;
				IPHONEOS_DEPLOYMENT_TARGET = 13.0;
				MARKETING_VERSION = 2.0;
				MTL_ENABLE_DEBUG_INFO = NO;
				MTL_FAST_MATH = YES;
				SDKROOT = iphoneos;
				SWIFT_COMPILATION_MODE = wholemodule;
				SWIFT_OPTIMIZATION_LEVEL = "-O";
				VALIDATE_PRODUCT = YES;
			};
			name = Release;
		};
		47F96E542354F3490036311F /* Debug */ = {
			isa = XCBuildConfiguration;
			buildSettings = {
				ALWAYS_EMBED_SWIFT_STANDARD_LIBRARIES = YES;
				ASSETCATALOG_COMPILER_APPICON_NAME = AppIcon;
				CODE_SIGN_ENTITLEMENTS = "lil counter.entitlements";
				CODE_SIGN_IDENTITY = "Apple Development";
				CODE_SIGN_STYLE = Automatic;
				DEVELOPMENT_ASSET_PATHS = "\"FlipClock/Preview Content\"";
				DEVELOPMENT_TEAM = E3BNAMEWTS;
				ENABLE_PREVIEWS = YES;
				INFOPLIST_FILE = "$(SRCROOT)/FlipClock/SupportingFiles/Info.plist";
				INFOPLIST_KEY_CFBundleDisplayName = "lil counter";
				IPHONEOS_DEPLOYMENT_TARGET = 15.0;
				LD_RUNPATH_SEARCH_PATHS = (
					"$(inherited)",
					"@executable_path/Frameworks",
				);
				PRODUCT_BUNDLE_IDENTIFIER = me.thisisthefoxe.DaysSinceLast;
				PRODUCT_NAME = "$(TARGET_NAME)";
				PROVISIONING_PROFILE_SPECIFIER = "";
				SWIFT_VERSION = 5.0;
				TARGETED_DEVICE_FAMILY = "1,2";
			};
			name = Debug;
		};
		47F96E552354F3490036311F /* Release */ = {
			isa = XCBuildConfiguration;
			buildSettings = {
				ALWAYS_EMBED_SWIFT_STANDARD_LIBRARIES = YES;
				ASSETCATALOG_COMPILER_APPICON_NAME = AppIcon;
				CODE_SIGN_ENTITLEMENTS = "lil counter.entitlements";
				CODE_SIGN_IDENTITY = "Apple Development";
				CODE_SIGN_STYLE = Automatic;
				DEVELOPMENT_ASSET_PATHS = "\"FlipClock/Preview Content\"";
				DEVELOPMENT_TEAM = E3BNAMEWTS;
				ENABLE_PREVIEWS = YES;
				INFOPLIST_FILE = "$(SRCROOT)/FlipClock/SupportingFiles/Info.plist";
				INFOPLIST_KEY_CFBundleDisplayName = "lil counter";
				IPHONEOS_DEPLOYMENT_TARGET = 15.0;
				LD_RUNPATH_SEARCH_PATHS = (
					"$(inherited)",
					"@executable_path/Frameworks",
				);
				PRODUCT_BUNDLE_IDENTIFIER = me.thisisthefoxe.DaysSinceLast;
				PRODUCT_NAME = "$(TARGET_NAME)";
				PROVISIONING_PROFILE_SPECIFIER = "";
				SWIFT_VERSION = 5.0;
				TARGETED_DEVICE_FAMILY = "1,2";
			};
			name = Release;
		};
		D590484528F7AB6200E04AA2 /* Debug */ = {
			isa = XCBuildConfiguration;
			buildSettings = {
				ASSETCATALOG_COMPILER_APPICON_NAME = "App Icon & Top Shelf Image";
				ASSETCATALOG_COMPILER_GLOBAL_ACCENT_COLOR_NAME = AccentColor;
				CLANG_CXX_LANGUAGE_STANDARD = "gnu++20";
				CLANG_WARN_QUOTED_INCLUDE_IN_FRAMEWORK_HEADER = YES;
				CODE_SIGN_STYLE = Automatic;
				CURRENT_PROJECT_VERSION = 1;
				DEVELOPMENT_ASSET_PATHS = "\"TV/Preview Content\"";
				DEVELOPMENT_TEAM = E3BNAMEWTS;
				ENABLE_PREVIEWS = YES;
				GENERATE_INFOPLIST_FILE = YES;
				INFOPLIST_KEY_CFBundleDisplayName = "lil counter";
				INFOPLIST_KEY_UILaunchScreen_Generation = YES;
				INFOPLIST_KEY_UIUserInterfaceStyle = Automatic;
				LD_RUNPATH_SEARCH_PATHS = (
					"$(inherited)",
					"@executable_path/Frameworks",
				);
				MARKETING_VERSION = 1.0;
				PRODUCT_BUNDLE_IDENTIFIER = me.thisisthefoxe.seximal;
				PRODUCT_NAME = "$(TARGET_NAME)";
				SDKROOT = appletvos;
				SWIFT_EMIT_LOC_STRINGS = YES;
				SWIFT_VERSION = 5.0;
				TARGETED_DEVICE_FAMILY = 3;
				TVOS_DEPLOYMENT_TARGET = 16.0;
			};
			name = Debug;
		};
		D590484628F7AB6200E04AA2 /* Release */ = {
			isa = XCBuildConfiguration;
			buildSettings = {
				ASSETCATALOG_COMPILER_APPICON_NAME = "App Icon & Top Shelf Image";
				ASSETCATALOG_COMPILER_GLOBAL_ACCENT_COLOR_NAME = AccentColor;
				CLANG_CXX_LANGUAGE_STANDARD = "gnu++20";
				CLANG_WARN_QUOTED_INCLUDE_IN_FRAMEWORK_HEADER = YES;
				CODE_SIGN_STYLE = Automatic;
				CURRENT_PROJECT_VERSION = 1;
				DEVELOPMENT_ASSET_PATHS = "\"TV/Preview Content\"";
				DEVELOPMENT_TEAM = E3BNAMEWTS;
				ENABLE_PREVIEWS = YES;
				GENERATE_INFOPLIST_FILE = YES;
				INFOPLIST_KEY_CFBundleDisplayName = "lil counter";
				INFOPLIST_KEY_UILaunchScreen_Generation = YES;
				INFOPLIST_KEY_UIUserInterfaceStyle = Automatic;
				LD_RUNPATH_SEARCH_PATHS = (
					"$(inherited)",
					"@executable_path/Frameworks",
				);
				MARKETING_VERSION = 1.0;
				PRODUCT_BUNDLE_IDENTIFIER = me.thisisthefoxe.seximal;
				PRODUCT_NAME = "$(TARGET_NAME)";
				SDKROOT = appletvos;
				SWIFT_EMIT_LOC_STRINGS = YES;
				SWIFT_VERSION = 5.0;
				TARGETED_DEVICE_FAMILY = 3;
				TVOS_DEPLOYMENT_TARGET = 16.0;
			};
			name = Release;
		};
		D5F0D81728D2AED30046C110 /* Debug */ = {
			isa = XCBuildConfiguration;
			buildSettings = {
				ASSETCATALOG_COMPILER_GLOBAL_ACCENT_COLOR_NAME = AccentColor;
				ASSETCATALOG_COMPILER_WIDGET_BACKGROUND_COLOR_NAME = WidgetBackground;
				CLANG_CXX_LANGUAGE_STANDARD = "gnu++20";
				CLANG_WARN_QUOTED_INCLUDE_IN_FRAMEWORK_HEADER = YES;
				CODE_SIGN_ENTITLEMENTS = CounterWidgetExtension.entitlements;
				CODE_SIGN_IDENTITY = "Apple Development";
				CODE_SIGN_STYLE = Automatic;
				DEVELOPMENT_TEAM = E3BNAMEWTS;
				GENERATE_INFOPLIST_FILE = YES;
				INFOPLIST_FILE = CounterWidget/Info.plist;
				INFOPLIST_KEY_CFBundleDisplayName = "Counter Widget";
				INFOPLIST_KEY_NSHumanReadableCopyright = "Copyright © 2022 Maciej Gomółka. All rights reserved.";
				IPHONEOS_DEPLOYMENT_TARGET = 16.0;
				LD_RUNPATH_SEARCH_PATHS = (
					"$(inherited)",
					"@executable_path/Frameworks",
					"@executable_path/../../Frameworks",
				);
				PRODUCT_BUNDLE_IDENTIFIER = me.thisisthefoxe.DaysSinceLast.CounterWidget;
				PRODUCT_NAME = "$(TARGET_NAME)";
				SKIP_INSTALL = YES;
				SWIFT_EMIT_LOC_STRINGS = YES;
				SWIFT_VERSION = 5.0;
				TARGETED_DEVICE_FAMILY = "1,2";
			};
			name = Debug;
		};
		D5F0D81828D2AED30046C110 /* Release */ = {
			isa = XCBuildConfiguration;
			buildSettings = {
				ASSETCATALOG_COMPILER_GLOBAL_ACCENT_COLOR_NAME = AccentColor;
				ASSETCATALOG_COMPILER_WIDGET_BACKGROUND_COLOR_NAME = WidgetBackground;
				CLANG_CXX_LANGUAGE_STANDARD = "gnu++20";
				CLANG_WARN_QUOTED_INCLUDE_IN_FRAMEWORK_HEADER = YES;
				CODE_SIGN_ENTITLEMENTS = CounterWidgetExtension.entitlements;
				CODE_SIGN_IDENTITY = "Apple Development";
				CODE_SIGN_STYLE = Automatic;
				DEVELOPMENT_TEAM = E3BNAMEWTS;
				GENERATE_INFOPLIST_FILE = YES;
				INFOPLIST_FILE = CounterWidget/Info.plist;
				INFOPLIST_KEY_CFBundleDisplayName = "Counter Widget";
				INFOPLIST_KEY_NSHumanReadableCopyright = "Copyright © 2022 Maciej Gomółka. All rights reserved.";
				IPHONEOS_DEPLOYMENT_TARGET = 16.0;
				LD_RUNPATH_SEARCH_PATHS = (
					"$(inherited)",
					"@executable_path/Frameworks",
					"@executable_path/../../Frameworks",
				);
				PRODUCT_BUNDLE_IDENTIFIER = me.thisisthefoxe.DaysSinceLast.CounterWidget;
				PRODUCT_NAME = "$(TARGET_NAME)";
				SKIP_INSTALL = YES;
				SWIFT_EMIT_LOC_STRINGS = YES;
				SWIFT_VERSION = 5.0;
				TARGETED_DEVICE_FAMILY = "1,2";
			};
			name = Release;
		};
/* End XCBuildConfiguration section */

/* Begin XCConfigurationList section */
		47F96E3A2354F3480036311F /* Build configuration list for PBXProject "counter" */ = {
			isa = XCConfigurationList;
			buildConfigurations = (
				47F96E512354F3490036311F /* Debug */,
				47F96E522354F3490036311F /* Release */,
			);
			defaultConfigurationIsVisible = 0;
			defaultConfigurationName = Release;
		};
		47F96E532354F3490036311F /* Build configuration list for PBXNativeTarget "counter" */ = {
			isa = XCConfigurationList;
			buildConfigurations = (
				47F96E542354F3490036311F /* Debug */,
				47F96E552354F3490036311F /* Release */,
			);
			defaultConfigurationIsVisible = 0;
			defaultConfigurationName = Release;
		};
		D590484728F7AB6200E04AA2 /* Build configuration list for PBXNativeTarget "TV" */ = {
			isa = XCConfigurationList;
			buildConfigurations = (
				D590484528F7AB6200E04AA2 /* Debug */,
				D590484628F7AB6200E04AA2 /* Release */,
			);
			defaultConfigurationIsVisible = 0;
			defaultConfigurationName = Release;
		};
		D5F0D81628D2AED30046C110 /* Build configuration list for PBXNativeTarget "CounterWidgetExtension" */ = {
			isa = XCConfigurationList;
			buildConfigurations = (
				D5F0D81728D2AED30046C110 /* Debug */,
				D5F0D81828D2AED30046C110 /* Release */,
			);
			defaultConfigurationIsVisible = 0;
			defaultConfigurationName = Release;
		};
/* End XCConfigurationList section */
	};
	rootObject = 47F96E372354F3480036311F /* Project object */;
}
